<?xml version="1.0" encoding="utf-8"?>
<Project ToolsVersion="4.0" xmlns="http://schemas.microsoft.com/developer/msbuild/2003">
  <ItemGroup>
    <Filter Include="[Project]">
      <UniqueIdentifier>{83773264-bede-429c-9c96-b921743a9a2c}</UniqueIdentifier>
    </Filter>
    <Filter Include="[Project]\Source Files">
      <UniqueIdentifier>{35ed6d8b-fe31-481f-830c-032f8b35ea6d}</UniqueIdentifier>
    </Filter>
    <Filter Include="[Intrinsics]">
      <UniqueIdentifier>{29fe1c10-2584-4bb0-b832-4a6fd16cebbf}</UniqueIdentifier>
    </Filter>
    <Filter Include="[Project]\Header Files">
      <UniqueIdentifier>{f7c1d9e0-55a8-4113-b03d-3c9c82c02f72}</UniqueIdentifier>
    </Filter>
    <Filter Include="[Project]\Resource Files">
      <UniqueIdentifier>{bac25e3b-e87d-4847-8fd0-28e357477814}</UniqueIdentifier>
    </Filter>
    <Filter Include="[Intrinsics]\Architecture">
      <UniqueIdentifier>{a1b2c3d4-e5f6-7890-abcd-ef1234567890}</UniqueIdentifier>
    </Filter>
    <Filter Include="[Intrinsics]\CRT">
      <UniqueIdentifier>{b2c3d4e5-f6a7-8901-bcde-f12345678901}</UniqueIdentifier>
    </Filter>
    <Filter Include="[Intrinsics]\Utils">
      <UniqueIdentifier>{c3d4e5f6-a7b8-9012-cdef-123456789012}</UniqueIdentifier>
    </Filter>
    <Filter Include="[Intrinsics]\FWA">
      <UniqueIdentifier>{d4e5f6a7-b8c9-0123-def0-234567890123}</UniqueIdentifier>
    </Filter>
    <Filter Include="[Intrinsics]\DTLB">
      <UniqueIdentifier>{e5f6a7b8-c9d0-1234-ef01-345678901234}</UniqueIdentifier>
    </Filter>
    <Filter Include="[Intrinsics]\Bootstrap">
      <UniqueIdentifier>{f6a7b8c9-d0e1-2345-f012-456789012345}</UniqueIdentifier>
    </Filter>
  </ItemGroup>
  <ItemGroup>
    <ClCompile Include="Main.cpp">
      <Filter>[Project]\Source Files</Filter>
    </ClCompile>
    <ClCompile Include="Intrinsics\cpuid.cpp">
      <Filter>[Intrinsics]\Architecture</Filter>
    </ClCompile>
    <ClCompile Include="Intrinsics\msr.cpp">
      <Filter>[Intrinsics]\Architecture</Filter>
    </ClCompile>
    <ClCompile Include="Intrinsics\crt_memory.cpp">
      <Filter>[Intrinsics]\CRT</Filter>
    </ClCompile>
    <ClCompile Include="Intrinsics\crt_string.cpp">
      <Filter>[Intrinsics]\CRT</Filter>
    </ClCompile>
    <ClCompile Include="Intrinsics\utils_scan.cpp">
      <Filter>[Intrinsics]\Utils</Filter>
    </ClCompile>
    <ClCompile Include="Intrinsics\utils_pe.cpp">
      <Filter>[Intrinsics]\Utils</Filter>
    </ClCompile>
    <ClCompile Include="Intrinsics\utils_paging.cpp">
      <Filter>[Intrinsics]\Utils</Filter>
    </ClCompile>
    <ClCompile Include="Intrinsics\utils_locate.cpp">
      <Filter>[Intrinsics]\Utils</Filter>
    </ClCompile>
    <ClCompile Include="Intrinsics\fwa.cpp">
      <Filter>[Intrinsics]\FWA</Filter>
    </ClCompile>
    <ClCompile Include="Intrinsics\fwa_zero_page.cpp">
      <Filter>[Intrinsics]\FWA</Filter>
    </ClCompile>
    <ClCompile Include="Intrinsics\dtlb_hosted.cpp">
      <Filter>[Intrinsics]\DTLB</Filter>
    </ClCompile>
    <ClCompile Include="Intrinsics\dtlb_poison_ops.cpp">
      <Filter>[Intrinsics]\DTLB</Filter>
    </ClCompile>
    <ClCompile Include="Intrinsics\import_resolve.cpp">
      <Filter>[Intrinsics]\Bootstrap</Filter>
    </ClCompile>
    <ClCompile Include="Intrinsics\driver_boot.cpp">
      <Filter>[Intrinsics]\Bootstrap</Filter>
    </ClCompile>
  </ItemGroup>
  <ItemGroup>
    <ClInclude Include="Intrinsics\intrinsics.hpp">
      <Filter>[Intrinsics]</Filter>
    </ClInclude>
    <ClInclude Include="Intrinsics\cpuid.hpp">
      <Filter>[Intrinsics]\Architecture</Filter>
    </ClInclude>
    <ClInclude Include="Intrinsics\msr.hpp">
      <Filter>[Intrinsics]\Architecture</Filter>
    </ClInclude>
    <ClInclude Include="Intrinsics\utils.hpp">
      <Filter>[Intrinsics]\Utils</Filter>
    </ClInclude>
    <ClInclude Include="Intrinsics\assembly.hpp">
      <Filter>[Intrinsics]\Architecture</Filter>
    </ClInclude>
    <ClInclude Include="Intrinsics\bootstrap.hpp">
      <Filter>[Intrinsics]\Bootstrap</Filter>
    </ClInclude>
    <ClInclude Include="Intrinsics\crt.hpp">
      <Filter>[Intrinsics]\CRT</Filter>
    </ClInclude>
    <ClInclude Include="Intrinsics\dtlb.hpp">
      <Filter>[Intrinsics]\DTLB</Filter>
    </ClInclude>
    <ClInclude Include="Intrinsics\fwa.hpp">
      <Filter>[Intrinsics]\FWA</Filter>
    </ClInclude>
    <ClInclude Include="Intrinsics\utils.hpp">
      <Filter>[Intrinsics]\Utils</Filter>
    </ClInclude>
    <ClInclude Include="Intrinsics\cpuid.hpp">
      <Filter>[Intrinsics]\Architecture</Filter>
    </ClInclude>
    <ClInclude Include="Intrinsics\imports.hpp">
      <Filter>[Intrinsics]\Bootstrap</Filter>
    </ClInclude>
    <ClInclude Include="Intrinsics\msr.hpp">
      <Filter>[Intrinsics]\Architecture</Filter>
    </ClInclude>
    <ClInclude Include="Intrinsics\structures.hpp">
      <Filter>[Intrinsics]\Bootstrap</Filter>
    </ClInclude>
  </ItemGroup>
</Project>